// !$*UTF8*$!
{
	archiveVersion = 1;
	classes = {
	};
	objectVersion = 56;
	objects = {

/* Begin PBXBuildFile section */
		2339C7A92F5B6C22002E8AB0 /* ContentView.swift in Sources */ = {isa = PBXBuildFile; fileRef = 2339C7A82F5B6C22002E8AB0 /* ContentView.swift */; };
		2339C7AB2F5B6C23002E8AB0 /* Assets.xcassets in Resources */ = {isa = PBXBuildFile; fileRef = 2339C7AA2F5B6C23002E8AB0 /* Assets.xcassets */; };
		2339C7AE2F5B6C23002E8AB0 /* Preview Assets.xcassets in Resources */ = {isa = PBXBuildFile; fileRef = 2339C7AD2F5B6C23002E8AB0 /* Preview Assets.xcassets */; };
		238CC6032F649F6600A66E66 /* SpotlightOffApp.swift in Sources */ = {isa = PBXBuildFile; fileRef = 238CC6022F649F6600A66E66 /* SpotlightOffApp.swift */; };
/* End PBXBuildFile section */

/* Begin PBXContainerItemProxy section */
		2339C7B52F5B6C23002E8AB0 /* PBXContainerItemProxy */ = {
			isa = PBXContainerItemProxy;
			containerPortal = 2339C79B2F5B6C22002E8AB0 /* Project object */;
			proxyType = 1;
			remoteGlobalIDString = 2339C7A22F5B6C22002E8AB0;
			remoteInfo = "Spotlight Off";
		};
		2339C7BF2F5B6C23002E8AB0 /* PBXContainerItemProxy */ = {
			isa = PBXContainerItemProxy;
			containerPortal = 2339C79B2F5B6C22002E8AB0 /* Project object */;
			proxyType = 1;
			remoteGlobalIDString = 2339C7A22F5B6C22002E8AB0;
			remoteInfo = "Spotlight Off";
		};
/* End PBXContainerItemProxy section */

/* Begin PBXFileReference section */
		2339C7A32F5B6C22002E8AB0 /* Spotlight Off.app */ = {isa = PBXFileReference; explicitFileType = wrapper.application; includeInIndex = 0; path = "Spotlight Off.app"; sourceTree = BUILT_PRODUCTS_DIR; };
		2339C7A82F5B6C22002E8AB0 /* ContentView.swift */ = {isa = PBXFileReference; lastKnownFileType = sourcecode.swift; path = ContentView.swift; sourceTree = "<group>"; };
		2339C7AA2F5B6C23002E8AB0 /* Assets.xcassets */ = {isa = PBXFileReference; lastKnownFileType = folder.assetcatalog; path = Assets.xcassets; sourceTree = "<group>"; };
		2339C7AD2F5B6C23002E8AB0 /* Preview Assets.xcassets */ = {isa = PBXFileReference; lastKnownFileType = folder.assetcatalog; path = "Preview Assets.xcassets"; sourceTree = "<group>"; };
		2339C7AF2F5B6C23002E8AB0 /* Spotlight_Off.entitlements */ = {isa = PBXFileReference; lastKnownFileType = text.plist.entitlements; path = Spotlight_Off.entitlements; sourceTree = "<group>"; };
		2339C7B42F5B6C23002E8AB0 /* Spotlight OffTests.xctest */ = {isa = PBXFileReference; explicitFileType = wrapper.cfbundle; includeInIndex = 0; path = "Spotlight OffTests.xctest"; sourceTree = BUILT_PRODUCTS_DIR; };
		2339C7BE2F5B6C23002E8AB0 /* Spotlight OffUITests.xctest */ = {isa = PBXFileReference; explicitFileType = wrapper.cfbundle; includeInIndex = 0; path = "Spotlight OffUITests.xctest"; sourceTree = BUILT_PRODUCTS_DIR; };
		238CC6022F649F6600A66E66 /* SpotlightOffApp.swift */ = {isa = PBXFileReference; fileEncoding = 4; lastKnownFileType = sourcecode.swift; path = SpotlightOffApp.swift; sourceTree = "<group>"; };
/* End PBXFileReference section */

/* Begin PBXFrameworksBuildPhase section */
		2339C7A02F5B6C22002E8AB0 /* Frameworks */ = {
			isa = PBXFrameworksBuildPhase;
			buildActionMask = 2147483647;
			files = (
			);
			runOnlyForDeploymentPostprocessing = 0;
		};
		2339C7B12F5B6C23002E8AB0 /* Frameworks */ = {
			isa = PBXFrameworksBuildPhase;
			buildActionMask = 2147483647;
			files = (
			);
			runOnlyForDeploymentPostprocessing = 0;
		};
		2339C7BB2F5B6C23002E8AB0 /* Frameworks */ = {
			isa = PBXFrameworksBuildPhase;
			buildActionMask = 2147483647;
			files = (
			);
			runOnlyForDeploymentPostprocessing = 0;
		};
/* End PBXFrameworksBuildPhase section */

/* Begin PBXGroup section */
		2339C79A2F5B6C22002E8AB0 = {
			isa = PBXGroup;
			children = (
				2339C7A52F5B6C22002E8AB0 /* Spotlight Off */,
				2339C7A42F5B6C22002E8AB0 /* Products */,
			);
			sourceTree = "<group>";
		};
		2339C7A42F5B6C22002E8AB0 /* Products */ = {
			isa = PBXGroup;
			children = (
				2339C7A32F5B6C22002E8AB0 /* Spotlight Off.app */,
				2339C7B42F5B6C23002E8AB0 /* Spotlight OffTests.xctest */,
				2339C7BE2F5B6C23002E8AB0 /* Spotlight OffUITests.xctest */,
			);
			name = Products;
			sourceTree = "<group>";
		};
		2339C7A52F5B6C22002E8AB0 /* Spotlight Off */ = {
			isa = PBXGroup;
			children = (
				238CC6022F649F6600A66E66 /* SpotlightOffApp.swift */,
				2339C7A82F5B6C22002E8AB0 /* ContentView.swift */,
				2339C7AA2F5B6C23002E8AB0 /* Assets.xcassets */,
				2339C7AF2F5B6C23002E8AB0 /* Spotlight_Off.entitlements */,
				2339C7AC2F5B6C23002E8AB0 /* Preview Content */,
			);
			path = "Spotlight Off";
			sourceTree = "<group>";
		};
		2339C7AC2F5B6C23002E8AB0 /* Preview Content */ = {
			isa = PBXGroup;
			children = (
				2339C7AD2F5B6C23002E8AB0 /* Preview Assets.xcassets */,
			);
			path = "Preview Content";
			sourceTree = "<group>";
		};
/* End PBXGroup section */

/* Begin PBXNativeTarget section */
		2339C7A22F5B6C22002E8AB0 /* Spotlight Off */ = {
			isa = PBXNativeTarget;
			buildConfigurationList = 2339C7C82F5B6C23002E8AB0 /* Build configuration list for PBXNativeTarget "Spotlight Off" */;
			buildPhases = (
				2339C79F2F5B6C22002E8AB0 /* Sources */,
				2339C7A02F5B6C22002E8AB0 /* Frameworks */,
				2339C7A12F5B6C22002E8AB0 /* Resources */,
			);
			buildRules = (
			);
			dependencies = (
			);
			name = "Spotlight Off";
			productName = "Spotlight Off";
			productReference = 2339C7A32F5B6C22002E8AB0 /* Spotlight Off.app */;
			productType = "com.apple.product-type.application";
		};
		2339C7B32F5B6C23002E8AB0 /* Spotlight OffTests */ = {
			isa = PBXNativeTarget;
			buildConfigurationList = 2339C7CB2F5B6C23002E8AB0 /* Build configuration list for PBXNativeTarget "Spotlight OffTests" */;
			buildPhases = (
				2339C7B02F5B6C23002E8AB0 /* Sources */,
				2339C7B12F5B6C23002E8AB0 /* Frameworks */,
				2339C7B22F5B6C23002E8AB0 /* Resources */,
			);
			buildRules = (
			);
			dependencies = (
				2339C7B62F5B6C23002E8AB0 /* PBXTargetDependency */,
			);
			name = "Spotlight OffTests";
			productName = "Spotlight OffTests";
			productReference = 2339C7B42F5B6C23002E8AB0 /* Spotlight OffTests.xctest */;
			productType = "com.apple.product-type.bundle.unit-test";
		};
		2339C7BD2F5B6C23002E8AB0 /* Spotlight OffUITests */ = {
			isa = PBXNativeTarget;
			buildConfigurationList = 2339C7CE2F5B6C23002E8AB0 /* Build configuration list for PBXNativeTarget "Spotlight OffUITests" */;
			buildPhases = (
				2339C7BA2F5B6C23002E8AB0 /* Sources */,
				2339C7BB2F5B6C23002E8AB0 /* Frameworks */,
				2339C7BC2F5B6C23002E8AB0 /* Resources */,
			);
			buildRules = (
			);
			dependencies = (
				2339C7C02F5B6C23002E8AB0 /* PBXTargetDependency */,
			);
			name = "Spotlight OffUITests";
			productName = "Spotlight OffUITests";
			productReference = 2339C7BE2F5B6C23002E8AB0 /* Spotlight OffUITests.xctest */;
			productType = "com.apple.product-type.bundle.ui-testing";
		};
/* End PBXNativeTarget section */

/* Begin PBXProject section */
		2339C79B2F5B6C22002E8AB0 /* Project object */ = {
			isa = PBXProject;
			attributes = {
				BuildIndependentTargetsInParallel = 1;
				LastSwiftUpdateCheck = 1520;
				LastUpgradeCheck = 1520;
				TargetAttributes = {
					2339C7A22F5B6C22002E8AB0 = {
						CreatedOnToolsVersion = 15.2;
					};
					2339C7B32F5B6C23002E8AB0 = {
						CreatedOnToolsVersion = 15.2;
						TestTargetID = 2339C7A22F5B6C22002E8AB0;
					};
					2339C7BD2F5B6C23002E8AB0 = {
						CreatedOnToolsVersion = 15.2;
						TestTargetID = 2339C7A22F5B6C22002E8AB0;
					};
				};
			};
			buildConfigurationList = 2339C79E2F5B6C22002E8AB0 /* Build configuration list for PBXProject "Spotlight Off" */;
			compatibilityVersion = "Xcode 14.0";
			developmentRegion = en;
			hasScannedForEncodings = 0;
			knownRegions = (
				en,
				Base,
			);
			mainGroup = 2339C79A2F5B6C22002E8AB0;
			productRefGroup = 2339C7A42F5B6C22002E8AB0 /* Products */;
			projectDirPath = "";
			projectRoot = "";
			targets = (
				2339C7A22F5B6C22002E8AB0 /* Spotlight Off */,
				2339C7B32F5B6C23002E8AB0 /* Spotlight OffTests */,
				2339C7BD2F5B6C23002E8AB0 /* Spotlight OffUITests */,
			);
		};
/* End PBXProject section */

/* Begin PBXResourcesBuildPhase section */
		2339C7A12F5B6C22002E8AB0 /* Resources */ = {
			isa = PBXResourcesBuildPhase;
			buildActionMask = 2147483647;
			files = (
				2339C7AE2F5B6C23002E8AB0 /* Preview Assets.xcassets in Resources */,
				2339C7AB2F5B6C23002E8AB0 /* Assets.xcassets in Resources */,
			);
			runOnlyForDeploymentPostprocessing = 0;
		};
		2339C7B22F5B6C23002E8AB0 /* Resources */ = {
			isa = PBXResourcesBuildPhase;
			buildActionMask = 2147483647;
			files = (
			);
			runOnlyForDeploymentPostprocessing = 0;
		};
		2339C7BC2F5B6C23002E8AB0 /* Resources */ = {
			isa = PBXResourcesBuildPhase;
			buildActionMask = 2147483647;
			files = (
			);
			runOnlyForDeploymentPostprocessing = 0;
		};
/* End PBXResourcesBuildPhase section */

/* Begin PBXSourcesBuildPhase section */
		2339C79F2F5B6C22002E8AB0 /* Sources */ = {
			isa = PBXSourcesBuildPhase;
			buildActionMask = 2147483647;
			files = (
				2339C7A92F5B6C22002E8AB0 /* ContentView.swift in Sources */,
				238CC6032F649F6600A66E66 /* SpotlightOffApp.swift in Sources */,
			);
			runOnlyForDeploymentPostprocessing = 0;
		};
		2339C7B02F5B6C23002E8AB0 /* Sources */ = {
			isa = PBXSourcesBuildPhase;
			buildActionMask = 2147483647;
			files = (
			);
			runOnlyForDeploymentPostprocessing = 0;
		};
		2339C7BA2F5B6C23002E8AB0 /* Sources */ = {
			isa = PBXSourcesBuildPhase;
			buildActionMask = 2147483647;
			files = (
			);
			runOnlyForDeploymentPostprocessing = 0;
		};
/* End PBXSourcesBuildPhase section */

/* Begin PBXTargetDependency section */
		2339C7B62F5B6C23002E8AB0 /* PBXTargetDependency */ = {
			isa = PBXTargetDependency;
			target = 2339C7A22F5B6C22002E8AB0 /* Spotlight Off */;
			targetProxy = 2339C7B52F5B6C23002E8AB0 /* PBXContainerItemProxy */;
		};
		2339C7C02F5B6C23002E8AB0 /* PBXTargetDependency */ = {
			isa = PBXTargetDependency;
			target = 2339C7A22F5B6C22002E8AB0 /* Spotlight Off */;
			targetProxy = 2339C7BF2F5B6C23002E8AB0 /* PBXContainerItemProxy */;
		};
/* End PBXTargetDependency section */

/* Begin XCBuildConfiguration section */
		2339C7C62F5B6C23002E8AB0 /* Debug */ = {
			isa = XCBuildConfiguration;
			buildSettings = {
				ALWAYS_SEARCH_USER_PATHS = NO;
				ASSETCATALOG_COMPILER_GENERATE_SWIFT_ASSET_SYMBOL_EXTENSIONS = YES;
				CLANG_ANALYZER_NONNULL = YES;
				CLANG_ANALYZER_NUMBER_OBJECT_CONVERSION = YES_AGGRESSIVE;
				CLANG_CXX_LANGUAGE_STANDARD = "gnu++20";
				CLANG_ENABLE_MODULES = YES;
				CLANG_ENABLE_OBJC_ARC = YES;
				CLANG_ENABLE_OBJC_WEAK = YES;
				CLANG_WARN_BLOCK_CAPTURE_AUTORELEASING = YES;
				CLANG_WARN_BOOL_CONVERSION = YES;
				CLANG_WARN_COMMA = YES;
				CLANG_WARN_CONSTANT_CONVERSION = YES;
				CLANG_WARN_DEPRECATED_OBJC_IMPLEMENTATIONS = YES;
				CLANG_WARN_DIRECT_OBJC_ISA_USAGE = YES_ERROR;
				CLANG_WARN_DOCUMENTATION_COMMENTS = YES;
				CLANG_WARN_EMPTY_BODY = YES;
				CLANG_WARN_ENUM_CONVERSION = YES;
				CLANG_WARN_INFINITE_RECURSION = YES;
				CLANG_WARN_INT_CONVERSION = YES;
				CLANG_WARN_NON_LITERAL_NULL_CONVERSION = YES;
				CLANG_WARN_OBJC_IMPLICIT_RETAIN_SELF = YES;
				CLANG_WARN_OBJC_LITERAL_CONVERSION = YES;
				CLANG_WARN_OBJC_ROOT_CLASS = YES_ERROR;
				CLANG_WARN_QUOTED_INCLUDE_IN_FRAMEWORK_HEADER = YES;
				CLANG_WARN_RANGE_LOOP_ANALYSIS = YES;
				CLANG_WARN_STRICT_PROTOTYPES = YES;
				CLANG_WARN_SUSPICIOUS_MOVE = YES;
				CLANG_WARN_UNGUARDED_AVAILABILITY = YES_AGGRESSIVE;
				CLANG_WARN_UNREACHABLE_CODE = YES;
				CLANG_WARN__DUPLICATE_METHOD_MATCH = YES;
				COPY_PHASE_STRIP = NO;
				DEBUG_INFORMATION_FORMAT = dwarf;
				ENABLE_STRICT_OBJC_MSGSEND = YES;
				ENABLE_TESTABILITY = YES;
				ENABLE_USER_SCRIPT_SANDBOXING = YES;
				GCC_C_LANGUAGE_STANDARD = gnu17;
				GCC_DYNAMIC_NO_PIC = NO;
				GCC_NO_COMMON_BLOCKS = YES;
				GCC_OPTIMIZATION_LEVEL = 0;
				GCC_PREPROCESSOR_DEFINITIONS = (
					"DEBUG=1",
					"$(inherited)",
				);
				GCC_WARN_64_TO_32_BIT_CONVERSION = YES;
				GCC_WARN_ABOUT_RETURN_TYPE = YES_ERROR;
				GCC_WARN_UNDECLARED_SELECTOR = YES;
				GCC_WARN_UNINITIALIZED_AUTOS = YES_AGGRESSIVE;
				GCC_WARN_UNUSED_FUNCTION = YES;
				GCC_WARN_UNUSED_VARIABLE = YES;
				LOCALIZATION_PREFERS_STRING_CATALOGS = YES;
				MACOSX_DEPLOYMENT_TARGET = 13.7;
				MTL_ENABLE_DEBUG_INFO = INCLUDE_SOURCE;
				MTL_FAST_MATH = YES;
				ONLY_ACTIVE_ARCH = YES;
				SDKROOT = macosx;
				SWIFT_ACTIVE_COMPILATION_CONDITIONS = "DEBUG $(inherited)";
				SWIFT_OPTIMIZATION_LEVEL = "-Onone";
			};
			name = Debug;
		};
		2339C7C72F5B6C23002E8AB0 /* Release */ = {
			isa = XCBuildConfiguration;
			buildSettings = {
				ALWAYS_SEARCH_USER_PATHS = NO;
				ASSETCATALOG_COMPILER_GENERATE_SWIFT_ASSET_SYMBOL_EXTENSIONS = YES;
				CLANG_ANALYZER_NONNULL = YES;
				CLANG_ANALYZER_NUMBER_OBJECT_CONVERSION = YES_AGGRESSIVE;
				CLANG_CXX_LANGUAGE_STANDARD = "gnu++20";
				CLANG_ENABLE_MODULES = YES;
				CLANG_ENABLE_OBJC_ARC = YES;
				CLANG_ENABLE_OBJC_WEAK = YES;
				CLANG_WARN_BLOCK_CAPTURE_AUTORELEASING = YES;
				CLANG_WARN_BOOL_CONVERSION = YES;
				CLANG_WARN_COMMA = YES;
				CLANG_WARN_CONSTANT_CONVERSION = YES;
				CLANG_WARN_DEPRECATED_OBJC_IMPLEMENTATIONS = YES;
				CLANG_WARN_DIRECT_OBJC_ISA_USAGE = YES_ERROR;
				CLANG_WARN_DOCUMENTATION_COMMENTS = YES;
				CLANG_WARN_EMPTY_BODY = YES;
				CLANG_WARN_ENUM_CONVERSION = YES;
				CLANG_WARN_INFINITE_RECURSION = YES;
				CLANG_WARN_INT_CONVERSION = YES;
				CLANG_WARN_NON_LITERAL_NULL_CONVERSION = YES;
				CLANG_WARN_OBJC_IMPLICIT_RETAIN_SELF = YES;
				CLANG_WARN_OBJC_LITERAL_CONVERSION = YES;
				CLANG_WARN_OBJC_ROOT_CLASS = YES_ERROR;
				CLANG_WARN_QUOTED_INCLUDE_IN_FRAMEWORK_HEADER = YES;
				CLANG_WARN_RANGE_LOOP_ANALYSIS = YES;
				CLANG_WARN_STRICT_PROTOTYPES = YES;
				CLANG_WARN_SUSPICIOUS_MOVE = YES;
				CLANG_WARN_UNGUARDED_AVAILABILITY = YES_AGGRESSIVE;
				CLANG_WARN_UNREACHABLE_CODE = YES;
				CLANG_WARN__DUPLICATE_METHOD_MATCH = YES;
				COPY_PHASE_STRIP = NO;
				DEBUG_INFORMATION_FORMAT = "dwarf-with-dsym";
				ENABLE_NS_ASSERTIONS = NO;
				ENABLE_STRICT_OBJC_MSGSEND = YES;
				ENABLE_USER_SCRIPT_SANDBOXING = YES;
				GCC_C_LANGUAGE_STANDARD = gnu17;
				GCC_NO_COMMON_BLOCKS = YES;
				GCC_WARN_64_TO_32_BIT_CONVERSION = YES;
				GCC_WARN_ABOUT_RETURN_TYPE = YES_ERROR;
				GCC_WARN_UNDECLARED_SELECTOR = YES;
				GCC_WARN_UNINITIALIZED_AUTOS = YES_AGGRESSIVE;
				GCC_WARN_UNUSED_FUNCTION = YES;
				GCC_WARN_UNUSED_VARIABLE = YES;
				LOCALIZATION_PREFERS_STRING_CATALOGS = YES;
				MACOSX_DEPLOYMENT_TARGET = 13.7;
				MTL_ENABLE_DEBUG_INFO = NO;
				MTL_FAST_MATH = YES;
				SDKROOT = macosx;
				SWIFT_COMPILATION_MODE = wholemodule;
			};
			name = Release;
		};
		2339C7C92F5B6C23002E8AB0 /* Debug */ = {
			isa = XCBuildConfiguration;
			buildSettings = {
				ASSETCATALOG_COMPILER_APPICON_NAME = AppIcon;
				ASSETCATALOG_COMPILER_GLOBAL_ACCENT_COLOR_NAME = AccentColor;
				CODE_SIGN_ENTITLEMENTS = "Spotlight Off/Spotlight_Off.entitlements";
				CODE_SIGN_STYLE = Automatic;
				COMBINE_HIDPI_IMAGES = YES;
				CURRENT_PROJECT_VERSION = 1;
				DEVELOPMENT_ASSET_PATHS = "\"Spotlight Off/Preview Content\"";
				DEVELOPMENT_TEAM = T9V5W5P5J4;
				ENABLE_HARDENED_RUNTIME = YES;
				ENABLE_PREVIEWS = YES;
				GENERATE_INFOPLIST_FILE = YES;
				INFOPLIST_KEY_LSApplicationCategoryType = "public.app-category.utilities";
				INFOPLIST_KEY_LSUIElement = YES;
				INFOPLIST_KEY_NSHumanReadableCopyright = "";
				LD_RUNPATH_SEARCH_PATHS = (
					"$(inherited)",
					"@executable_path/../Frameworks",
				);
				MACOSX_DEPLOYMENT_TARGET = 14.0;
				MARKETING_VERSION = 1.1.1;
				PRODUCT_BUNDLE_IDENTIFIER = "Faini-Made.Spotlight-Off";
				PRODUCT_NAME = "$(TARGET_NAME)";
				SWIFT_EMIT_LOC_STRINGS = YES;
				SWIFT_VERSION = 5.0;
			};
			name = Debug;
		};
		2339C7CA2F5B6C23002E8AB0 /* Release */ = {
			isa = XCBuildConfiguration;
			buildSettings = {
				ASSETCATALOG_COMPILER_APPICON_NAME = AppIcon;
				ASSETCATALOG_COMPILER_GLOBAL_ACCENT_COLOR_NAME = AccentColor;
				CODE_SIGN_ENTITLEMENTS = "Spotlight Off/Spotlight_Off.entitlements";
				CODE_SIGN_STYLE = Automatic;
				COMBINE_HIDPI_IMAGES = YES;
				CURRENT_PROJECT_VERSION = 1;
				DEVELOPMENT_ASSET_PATHS = "\"Spotlight Off/Preview Content\"";
				DEVELOPMENT_TEAM = T9V5W5P5J4;
				ENABLE_HARDENED_RUNTIME = YES;
				ENABLE_PREVIEWS = YES;
				GENERATE_INFOPLIST_FILE = YES;
				INFOPLIST_KEY_LSApplicationCategoryType = "public.app-category.utilities";
				INFOPLIST_KEY_LSUIElement = YES;
				INFOPLIST_KEY_NSHumanReadableCopyright = "";
				LD_RUNPATH_SEARCH_PATHS = (
					"$(inherited)",
					"@executable_path/../Frameworks",
				);
				MACOSX_DEPLOYMENT_TARGET = 14.0;
				MARKETING_VERSION = 1.1.1;
				PRODUCT_BUNDLE_IDENTIFIER = "Faini-Made.Spotlight-Off";
				PRODUCT_NAME = "$(TARGET_NAME)";
				SWIFT_EMIT_LOC_STRINGS = YES;
				SWIFT_VERSION = 5.0;
			};
			name = Release;
		};
		2339C7CC2F5B6C23002E8AB0 /* Debug */ = {
			isa = XCBuildConfiguration;
			buildSettings = {
				ALWAYS_EMBED_SWIFT_STANDARD_LIBRARIES = YES;
				BUNDLE_LOADER = "$(TEST_HOST)";
				CODE_SIGN_STYLE = Automatic;
				CURRENT_PROJECT_VERSION = 1;
				GENERATE_INFOPLIST_FILE = YES;
				MACOSX_DEPLOYMENT_TARGET = 13.7;
				MARKETING_VERSION = 1.0;
				PRODUCT_BUNDLE_IDENTIFIER = "Faini-Made.Spotlight-OffTests";
				PRODUCT_NAME = "$(TARGET_NAME)";
				SWIFT_EMIT_LOC_STRINGS = NO;
				SWIFT_VERSION = 5.0;
				TEST_HOST = "$(BUILT_PRODUCTS_DIR)/Spotlight Off.app/$(BUNDLE_EXECUTABLE_FOLDER_PATH)/Spotlight Off";
			};
			name = Debug;
		};
		2339C7CD2F5B6C23002E8AB0 /* Release */ = {
			isa = XCBuildConfiguration;
			buildSettings = {
				ALWAYS_EMBED_SWIFT_STANDARD_LIBRARIES = YES;
				BUNDLE_LOADER = "$(TEST_HOST)";
				CODE_SIGN_STYLE = Automatic;
				CURRENT_PROJECT_VERSION = 1;
				GENERATE_INFOPLIST_FILE = YES;
				MACOSX_DEPLOYMENT_TARGET = 13.7;
				MARKETING_VERSION = 1.0;
				PRODUCT_BUNDLE_IDENTIFIER = "Faini-Made.Spotlight-OffTests";
				PRODUCT_NAME = "$(TARGET_NAME)";
				SWIFT_EMIT_LOC_STRINGS = NO;
				SWIFT_VERSION = 5.0;
				TEST_HOST = "$(BUILT_PRODUCTS_DIR)/Spotlight Off.app/$(BUNDLE_EXECUTABLE_FOLDER_PATH)/Spotlight Off";
			};
			name = Release;
		};
		2339C7CF2F5B6C23002E8AB0 /* Debug */ = {
			isa = XCBuildConfiguration;
			buildSettings = {
				ALWAYS_EMBED_SWIFT_STANDARD_LIBRARIES = YES;
				CODE_SIGN_STYLE = Automatic;
				CURRENT_PROJECT_VERSION = 1;
				GENERATE_INFOPLIST_FILE = YES;
				MARKETING_VERSION = 1.0;
				PRODUCT_BUNDLE_IDENTIFIER = "Faini-Made.Spotlight-OffUITests";
				PRODUCT_NAME = "$(TARGET_NAME)";
				SWIFT_EMIT_LOC_STRINGS = NO;
				SWIFT_VERSION = 5.0;
				TEST_TARGET_NAME = "Spotlight Off";
			};
			name = Debug;
		};
		2339C7D02F5B6C23002E8AB0 /* Release */ = {
			isa = XCBuildConfiguration;
			buildSettings = {
				ALWAYS_EMBED_SWIFT_STANDARD_LIBRARIES = YES;
				CODE_SIGN_STYLE = Automatic;
				CURRENT_PROJECT_VERSION = 1;
				GENERATE_INFOPLIST_FILE = YES;
				MARKETING_VERSION = 1.0;
				PRODUCT_BUNDLE_IDENTIFIER = "Faini-Made.Spotlight-OffUITests";
				PRODUCT_NAME = "$(TARGET_NAME)";
				SWIFT_EMIT_LOC_STRINGS = NO;
				SWIFT_VERSION = 5.0;
				TEST_TARGET_NAME = "Spotlight Off";
			};
			name = Release;
		};
/* End XCBuildConfiguration section */

/* Begin XCConfigurationList section */
		2339C79E2F5B6C22002E8AB0 /* Build configuration list for PBXProject "Spotlight Off" */ = {
			isa = XCConfigurationList;
			buildConfigurations = (
				2339C7C62F5B6C23002E8AB0 /* Debug */,
				2339C7C72F5B6C23002E8AB0 /* Release */,
			);
			defaultConfigurationIsVisible = 0;
			defaultConfigurationName = Release;
		};
		2339C7C82F5B6C23002E8AB0 /* Build configuration list for PBXNativeTarget "Spotlight Off" */ = {
			isa = XCConfigurationList;
			buildConfigurations = (
				2339C7C92F5B6C23002E8AB0 /* Debug */,
				2339C7CA2F5B6C23002E8AB0 /* Release */,
			);
			defaultConfigurationIsVisible = 0;
			defaultConfigurationName = Release;
		};
		2339C7CB2F5B6C23002E8AB0 /* Build configuration list for PBXNativeTarget "Spotlight OffTests" */ = {
			isa = XCConfigurationList;
			buildConfigurations = (
				2339C7CC2F5B6C23002E8AB0 /* Debug */,
				2339C7CD2F5B6C23002E8AB0 /* Release */,
			);
			defaultConfigurationIsVisible = 0;
			defaultConfigurationName = Release;
		};
		2339C7CE2F5B6C23002E8AB0 /* Build configuration list for PBXNativeTarget "Spotlight OffUITests" */ = {
			isa = XCConfigurationList;
			buildConfigurations = (
				2339C7CF2F5B6C23002E8AB0 /* Debug */,
				2339C7D02F5B6C23002E8AB0 /* Release */,
			);
			defaultConfigurationIsVisible = 0;
			defaultConfigurationName = Release;
		};
/* End XCConfigurationList section */
	};
	rootObject = 2339C79B2F5B6C22002E8AB0 /* Project object */;
}
